
Microsoft Visual Studio Solution File, Format Version 12.00
# Visual Studio 15
VisualStudioVersion = 15.0.27130.2003
MinimumVisualStudioVersion = 10.0.40219.1
Project("{9A19103F-16F7-4668-BE54-9A1E7A4F7556}") = "InlineIL.Examples", "InlineIL.Examples\InlineIL.Examples.csproj", "{06C3DD29-A14E-4BF0-94A0-12F14F56FC88}"
	ProjectSection(ProjectDependencies) = postProject
		{3EFEBF12-D1C7-4D2D-B809-EF41EFA79562} = {3EFEBF12-D1C7-4D2D-B809-EF41EFA79562}
	EndProjectSection
EndProject
Project("{2150E333-8FDC-42A3-9474-1A3956D46DE8}") = "InlineIL", "InlineIL", "{1343063A-1C1A-43FF-8CE7-C7189555E4AC}"
EndProject
Project("{9A19103F-16F7-4668-BE54-9A1E7A4F7556}") = "InlineIL", "..\src\InlineIL\InlineIL.csproj", "{4D95EA2B-89D8-48CF-BABB-808F9FBD246A}"
EndProject
Project("{9A19103F-16F7-4668-BE54-9A1E7A4F7556}") = "InlineIL.Fody", "..\src\InlineIL.Fody\InlineIL.Fody.csproj", "{84CE9936-66DA-4BCA-9B48-C3EC2B796810}"
EndProject
Project("{9A19103F-16F7-4668-BE54-9A1E7A4F7556}") = "Weavers", "Weavers\Weavers.csproj", "{3EFEBF12-D1C7-4D2D-B809-EF41EFA79562}"
EndProject
Global
	GlobalSection(SolutionConfigurationPlatforms) = preSolution
		Debug|Any CPU = Debug|Any CPU
		Release|Any CPU = Release|Any CPU
	EndGlobalSection
	GlobalSection(ProjectConfigurationPlatforms) = postSolution
		{06C3DD29-A14E-4BF0-94A0-12F14F56FC88}.Debug|Any CPU.ActiveCfg = Debug|Any CPU
		{06C3DD29-A14E-4BF0-94A0-12F14F56FC88}.Debug|Any CPU.Build.0 = Debug|Any CPU
		{06C3DD29-A14E-4BF0-94A0-12F14F56FC88}.Release|Any CPU.ActiveCfg = Release|Any CPU
		{06C3DD29-A14E-4BF0-94A0-12F14F56FC88}.Release|Any CPU.Build.0 = Release|Any CPU
		{4D95EA2B-89D8-48CF-BABB-808F9FBD246A}.Debug|Any CPU.ActiveCfg = Debug|Any CPU
		{4D95EA2B-89D8-48CF-BABB-808F9FBD246A}.Debug|Any CPU.Build.0 = Debug|Any CPU
		{4D95EA2B-89D8-48CF-BABB-808F9FBD246A}.Release|Any CPU.ActiveCfg = Release|Any CPU
		{4D95EA2B-89D8-48CF-BABB-808F9FBD246A}.Release|Any CPU.Build.0 = Release|Any CPU
		{84CE9936-66DA-4BCA-9B48-C3EC2B796810}.Debug|Any CPU.ActiveCfg = Debug|Any CPU
		{84CE9936-66DA-4BCA-9B48-C3EC2B796810}.Debug|Any CPU.Build.0 = Debug|Any CPU
		{84CE9936-66DA-4BCA-9B48-C3EC2B796810}.Release|Any CPU.ActiveCfg = Release|Any CPU
		{84CE9936-66DA-4BCA-9B48-C3EC2B796810}.Release|Any CPU.Build.0 = Release|Any CPU
		{3EFEBF12-D1C7-4D2D-B809-EF41EFA79562}.Debug|Any CPU.ActiveCfg = Debug|Any CPU
		{3EFEBF12-D1C7-4D2D-B809-EF41EFA79562}.Debug|Any CPU.Build.0 = Debug|Any CPU
		{3EFEBF12-D1C7-4D2D-B809-EF41EFA79562}.Release|Any CPU.ActiveCfg = Release|Any CPU
		{3EFEBF12-D1C7-4D2D-B809-EF41EFA79562}.Release|Any CPU.Build.0 = Release|Any CPU
	EndGlobalSection
	GlobalSection(SolutionProperties) = preSolution
		HideSolutionNode = FALSE
	EndGlobalSection
	GlobalSection(NestedProjects) = preSolution
		{4D95EA2B-89D8-48CF-BABB-808F9FBD246A} = {1343063A-1C1A-43FF-8CE7-C7189555E4AC}
		{84CE9936-66DA-4BCA-9B48-C3EC2B796810} = {1343063A-1C1A-43FF-8CE7-C7189555E4AC}
		{3EFEBF12-D1C7-4D2D-B809-EF41EFA79562} = {1343063A-1C1A-43FF-8CE7-C7189555E4AC}
	EndGlobalSection
	GlobalSection(ExtensibilityGlobals) = postSolution
		SolutionGuid = {D6227F6A-9DFB-4CBD-B4A2-D214FB28D7FF}
	EndGlobalSection
EndGlobal
